
Microsoft Visual Studio Solution File, Format Version 12.00
# Visual Studio Version 16
VisualStudioVersion = 16.0.32002.261
MinimumVisualStudioVersion = 10.0.40219.1
<<<<<<< HEAD:AuditApp.sln
Project("{FAE04EC0-301F-11D3-BF4B-00C04F79EFBC}") = "AuditApp", "AuditApp.csproj", "{D0958E46-7AB5-444A-BBB6-1EBBC2EE616D}"
=======
Project("{9A19103F-16F7-4668-BE54-9A1E7A4F7556}") = "AuditApp", "AuditApp.csproj", "{D0958E46-7AB5-444A-BBB6-1EBBC2EE616D}"
>>>>>>> Developers:MaxionMontichV2.sln
EndProject
Global
	GlobalSection(SolutionConfigurationPlatforms) = preSolution
		Debug|Any CPU = Debug|Any CPU
		Release|Any CPU = Release|Any CPU
	EndGlobalSection
	GlobalSection(ProjectConfigurationPlatforms) = postSolution
		{D0958E46-7AB5-444A-BBB6-1EBBC2EE616D}.Debug|Any CPU.ActiveCfg = Debug|Any CPU
		{D0958E46-7AB5-444A-BBB6-1EBBC2EE616D}.Debug|Any CPU.Build.0 = Debug|Any CPU
		{D0958E46-7AB5-444A-BBB6-1EBBC2EE616D}.Release|Any CPU.ActiveCfg = Release|Any CPU
		{D0958E46-7AB5-444A-BBB6-1EBBC2EE616D}.Release|Any CPU.Build.0 = Release|Any CPU
	EndGlobalSection
	GlobalSection(SolutionProperties) = preSolution
		HideSolutionNode = FALSE
	EndGlobalSection
	GlobalSection(ExtensibilityGlobals) = postSolution
		SolutionGuid = {20837E0C-083E-4E74-BEA4-DA8B4A3E093F}
	EndGlobalSection
EndGlobal
